{
  "version": 4,
  "terraform_version": "1.1.7",
  "serial": 48,
  "lineage": "1ea54697-2250-285a-73b6-e1d8402d43a7",
  "outputs": {
    "cicd_pipeline_name": {
      "value": "prod-todo-a2-tf-cicd",
      "type": "string"
    },
    "dynamodb_arn": {
      "value": "prod-todo-a2_todo_table(arn:aws:dynamodb:ap-southeast-1:983670951732:table/prod-todo-a2_todo_table)",
      "type": "string"
    },
    "dynamodb_name": {
      "value": "prod-todo-a2_todo_table(prod-todo-a2_todo_table)",
      "type": "string"
    },
    "sqs_arn": {
      "value": "prod-todo-a2_queue(arn:aws:sqs:ap-southeast-1:983670951732:prod-todo-a2_queue)",
      "type": "string"
    },
    "sqs_name": {
      "value": "prod-todo-a2_queue(prod-todo-a2_queue)",
      "type": "string"
    }
  },
  "resources": [
    {
      "mode": "managed",
      "type": "aws_dynamodb_table",
      "name": "_",
      "provider": "provider[\"registry.terraform.io/hashicorp/aws\"]",
      "instances": [
        {
          "schema_version": 1,
          "attributes": {
            "arn": "arn:aws:dynamodb:ap-southeast-1:983670951732:table/prod-todo-a2_todo_table",
            "attribute": [
              {
                "name": "id",
                "type": "S"
              }
            ],
            "billing_mode": "PROVISIONED",
            "global_secondary_index": [],
            "hash_key": "id",
            "id": "prod-todo-a2_todo_table",
            "local_secondary_index": [],
            "name": "prod-todo-a2_todo_table",
            "point_in_time_recovery": [
              {
                "enabled": false
              }
            ],
            "range_key": null,
            "read_capacity": 1,
            "replica": [],
            "restore_date_time": null,
            "restore_source_name": null,
            "restore_to_latest_time": null,
            "server_side_encryption": [],
            "stream_arn": "",
            "stream_enabled": false,
            "stream_label": "",
            "stream_view_type": "",
            "table_class": "",
            "tags": {},
            "tags_all": {},
            "timeouts": null,
            "ttl": [
              {
                "attribute_name": "",
                "enabled": false
              }
            ],
            "write_capacity": 1
          },
          "sensitive_attributes": [],
          "private": "eyJlMmJmYjczMC1lY2FhLTExZTYtOGY4OC0zNDM2M2JjN2M0YzAiOnsiY3JlYXRlIjoxODAwMDAwMDAwMDAwLCJkZWxldGUiOjYwMDAwMDAwMDAwMCwidXBkYXRlIjozNjAwMDAwMDAwMDAwfSwic2NoZW1hX3ZlcnNpb24iOiIxIn0="
        }
      ]
    },
    {
      "mode": "managed",
      "type": "aws_sqs_queue",
      "name": "_",
      "provider": "provider[\"registry.terraform.io/hashicorp/aws\"]",
      "instances": [
        {
          "schema_version": 0,
          "attributes": {
            "arn": "arn:aws:sqs:ap-southeast-1:983670951732:prod-todo-a2_queue",
            "content_based_deduplication": false,
            "deduplication_scope": "",
            "delay_seconds": 90,
            "fifo_queue": false,
            "fifo_throughput_limit": "",
            "id": "https://sqs.ap-southeast-1.amazonaws.com/983670951732/prod-todo-a2_queue",
            "kms_data_key_reuse_period_seconds": 300,
            "kms_master_key_id": "",
            "max_message_size": 2048,
            "message_retention_seconds": 86400,
            "name": "prod-todo-a2_queue",
            "name_prefix": "",
            "policy": "",
            "receive_wait_time_seconds": 10,
            "redrive_allow_policy": "",
            "redrive_policy": "",
            "sqs_managed_sse_enabled": false,
            "tags": {
              "Environment": "prod"
            },
            "tags_all": {
              "Environment": "prod"
            },
            "url": "https://sqs.ap-southeast-1.amazonaws.com/983670951732/prod-todo-a2_queue",
            "visibility_timeout_seconds": 30
          },
          "sensitive_attributes": [],
          "private": "bnVsbA=="
        }
      ]
    },
    {
      "module": "module.aws_sam_dev_cicd_pipeline",
      "mode": "managed",
      "type": "aws_codebuild_project",
      "name": "sam_build",
      "provider": "provider[\"registry.terraform.io/hashicorp/aws\"]",
      "instances": [
        {
          "schema_version": 0,
          "attributes": {
            "arn": "arn:aws:codebuild:ap-southeast-1:983670951732:project/prod-todo-a2-sam-pipeline-build",
            "artifacts": [
              {
                "artifact_identifier": "",
                "bucket_owner_access": "",
                "encryption_disabled": false,
                "location": "",
                "name": "prod-todo-a2-sam-pipeline-build",
                "namespace_type": "BUILD_ID",
                "override_artifact_name": false,
                "packaging": "ZIP",
                "path": "",
                "type": "CODEPIPELINE"
              }
            ],
            "badge_enabled": false,
            "badge_url": "",
            "build_batch_config": [],
            "build_timeout": 60,
            "cache": [
              {
                "location": "",
                "modes": [],
                "type": "NO_CACHE"
              }
            ],
            "concurrent_build_limit": 0,
            "description": "Buid state for sam",
            "encryption_key": "arn:aws:kms:ap-southeast-1:983670951732:alias/aws/s3",
            "environment": [
              {
                "certificate": "",
                "compute_type": "BUILD_GENERAL1_SMALL",
                "environment_variable": [
                  {
                    "name": "ARTIFACT_BUCKET",
                    "type": "PLAINTEXT",
                    "value": "prod-todo-a2-artifact-bucket-sam-pipeline"
                  },
                  {
                    "name": "SAM_VARS",
                    "type": "PLAINTEXT",
                    "value": "AppName=todo-a2 Environment=prod"
                  }
                ],
                "image": "public.ecr.aws/sam/build-python3.8",
                "image_pull_credentials_type": "CODEBUILD",
                "privileged_mode": false,
                "registry_credential": [],
                "type": "LINUX_CONTAINER"
              }
            ],
            "file_system_locations": [],
            "id": "arn:aws:codebuild:ap-southeast-1:983670951732:project/prod-todo-a2-sam-pipeline-build",
            "logs_config": [
              {
                "cloudwatch_logs": [
                  {
                    "group_name": "",
                    "status": "ENABLED",
                    "stream_name": ""
                  }
                ],
                "s3_logs": [
                  {
                    "bucket_owner_access": "",
                    "encryption_disabled": false,
                    "location": "",
                    "status": "DISABLED"
                  }
                ]
              }
            ],
            "name": "prod-todo-a2-sam-pipeline-build",
            "project_visibility": "PRIVATE",
            "public_project_alias": "",
            "queued_timeout": 480,
            "resource_access_role": "",
            "secondary_artifacts": [],
            "secondary_source_version": [],
            "secondary_sources": [],
            "service_role": "arn:aws:iam::983670951732:role/prod-todo-a2-sam-pipeline-codebuild-role",
            "source": [
              {
                "auth": [],
                "build_status_config": [],
                "buildspec": "version: 0.2\r\nphases:\r\n  install:\r\n    runtime-versions:\r\n      python: 3.8\r\n    commands:\r\n      - pip install --upgrade pip\r\n      - pip3 install --upgrade aws-sam-cli\r\n  build:\r\n    commands:\r\n      - sam build --parameter-overrides=$SAM_VARS\r\n  post_build:\r\n    commands:\r\n      - sam package --s3-bucket $ARTIFACT_BUCKET --output-template-file packaged.yaml\r\nartifacts:\r\n  files:\r\n    - packaged.yaml\r\n    - configuration.json\r\n",
                "git_clone_depth": 0,
                "git_submodules_config": [],
                "insecure_ssl": false,
                "location": "",
                "report_build_status": false,
                "type": "CODEPIPELINE"
              }
            ],
            "source_version": "",
            "tags": {},
            "tags_all": {},
            "vpc_config": []
          },
          "sensitive_attributes": [],
          "private": "bnVsbA==",
          "dependencies": [
            "module.aws_sam_dev_cicd_pipeline.aws_s3_bucket._",
            "module.aws_sam_dev_cicd_pipeline.module.aws_iam_codebuild.aws_iam_role._",
            "module.aws_sam_dev_cicd_pipeline.module.aws_iam_codebuild.data.template_file.assumerole"
          ]
        }
      ]
    },
    {
      "module": "module.aws_sam_dev_cicd_pipeline",
      "mode": "managed",
      "type": "aws_codebuild_project",
      "name": "sam_test",
      "provider": "provider[\"registry.terraform.io/hashicorp/aws\"]",
      "instances": [
        {
          "schema_version": 0,
          "attributes": {
            "arn": "arn:aws:codebuild:ap-southeast-1:983670951732:project/prod-todo-a2-sam-pipeline-test",
            "artifacts": [
              {
                "artifact_identifier": "",
                "bucket_owner_access": "",
                "encryption_disabled": false,
                "location": "",
                "name": "prod-todo-a2-sam-pipeline-test",
                "namespace_type": "",
                "override_artifact_name": false,
                "packaging": "NONE",
                "path": "",
                "type": "CODEPIPELINE"
              }
            ],
            "badge_enabled": false,
            "badge_url": "",
            "build_batch_config": [],
            "build_timeout": 60,
            "cache": [
              {
                "location": "",
                "modes": [],
                "type": "NO_CACHE"
              }
            ],
            "concurrent_build_limit": 0,
            "description": "State to test lambda code using pytest",
            "encryption_key": "arn:aws:kms:ap-southeast-1:983670951732:alias/aws/s3",
            "environment": [
              {
                "certificate": "",
                "compute_type": "BUILD_GENERAL1_SMALL",
                "environment_variable": [],
                "image": "aws/codebuild/amazonlinux2-x86_64-standard:3.0",
                "image_pull_credentials_type": "CODEBUILD",
                "privileged_mode": false,
                "registry_credential": [],
                "type": "LINUX_CONTAINER"
              }
            ],
            "file_system_locations": [],
            "id": "arn:aws:codebuild:ap-southeast-1:983670951732:project/prod-todo-a2-sam-pipeline-test",
            "logs_config": [
              {
                "cloudwatch_logs": [
                  {
                    "group_name": "",
                    "status": "ENABLED",
                    "stream_name": ""
                  }
                ],
                "s3_logs": [
                  {
                    "bucket_owner_access": "",
                    "encryption_disabled": false,
                    "location": "",
                    "status": "DISABLED"
                  }
                ]
              }
            ],
            "name": "prod-todo-a2-sam-pipeline-test",
            "project_visibility": "PRIVATE",
            "public_project_alias": "",
            "queued_timeout": 480,
            "resource_access_role": "",
            "secondary_artifacts": [],
            "secondary_source_version": [],
            "secondary_sources": [],
            "service_role": "arn:aws:iam::983670951732:role/prod-todo-a2-sam-pipeline-codebuild-role",
            "source": [
              {
                "auth": [],
                "build_status_config": [],
                "buildspec": "version: 0.2\r\n\r\nphases:\r\n  install:\r\n    runtime-versions:\r\n      python: 3.8\r\n    commands:\r\n      - cd ./lambda/src\r\n      - python -m pip install --upgrade pip      \r\n      - pip3 install -r ./tests/requirements.txt\r\n  build:\r\n    commands:\r\n      - python -m pytest\r\n      # - python -m pytest --junitxml=\u003ctest report directory\u003e/\u003creport filename\u003e\r\n\r\n# reports:\r\n#   pytest_reports:\r\n#     files:\r\n#       - \u003creport filename\u003e\r\n#     base-directory: \u003ctest report directory\u003e\r\n#     file-format: JUNITXML",
                "git_clone_depth": 0,
                "git_submodules_config": [],
                "insecure_ssl": false,
                "location": "",
                "report_build_status": false,
                "type": "CODEPIPELINE"
              }
            ],
            "source_version": "",
            "tags": {},
            "tags_all": {},
            "vpc_config": []
          },
          "sensitive_attributes": [],
          "private": "bnVsbA==",
          "dependencies": [
            "module.aws_sam_dev_cicd_pipeline.module.aws_iam_codebuild.aws_iam_role._",
            "module.aws_sam_dev_cicd_pipeline.module.aws_iam_codebuild.data.template_file.assumerole"
          ]
        }
      ]
    },
    {
      "module": "module.aws_sam_dev_cicd_pipeline",
      "mode": "managed",
      "type": "aws_codepipeline",
      "name": "_",
      "provider": "provider[\"registry.terraform.io/hashicorp/aws\"]",
      "instances": [
        {
          "schema_version": 0,
          "attributes": {
            "arn": "arn:aws:codepipeline:ap-southeast-1:983670951732:prod-todo-a2-sam-pipeline",
            "artifact_store": [
              {
                "encryption_key": [],
                "location": "prod-todo-a2-artifact-bucket-sam-pipeline",
                "region": "",
                "type": "S3"
              }
            ],
            "id": "prod-todo-a2-sam-pipeline",
            "name": "prod-todo-a2-sam-pipeline",
            "role_arn": "arn:aws:iam::983670951732:role/prod-todo-a2-sam-pipeline-pipeline-role",
            "stage": [
              {
                "action": [
                  {
                    "category": "Source",
                    "configuration": {
                      "BranchName": "main",
                      "ConnectionArn": "arn:aws:codestar-connections:ap-southeast-1:983670951732:connection/b644772d-a629-45d6-948c-128dac87a5a5",
                      "DetectChanges": "true",
                      "FullRepositoryId": "duc-hectre/terraform-aws-sam-example-2-sam",
                      "OutputArtifactFormat": "CODE_ZIP"
                    },
                    "input_artifacts": [],
                    "name": "Source",
                    "namespace": "",
                    "output_artifacts": [
                      "prod-todo-a2-code"
                    ],
                    "owner": "AWS",
                    "provider": "CodeStarSourceConnection",
                    "region": "",
                    "role_arn": "",
                    "run_order": 1,
                    "version": "1"
                  }
                ],
                "name": "Source"
              },
              {
                "action": [
                  {
                    "category": "Test",
                    "configuration": {
                      "ProjectName": "prod-todo-a2-sam-pipeline-test"
                    },
                    "input_artifacts": [
                      "prod-todo-a2-code"
                    ],
                    "name": "Test",
                    "namespace": "",
                    "output_artifacts": [],
                    "owner": "AWS",
                    "provider": "CodeBuild",
                    "region": "",
                    "role_arn": "",
                    "run_order": 1,
                    "version": "1"
                  }
                ],
                "name": "Test"
              },
              {
                "action": [
                  {
                    "category": "Build",
                    "configuration": {
                      "ProjectName": "prod-todo-a2-sam-pipeline-build"
                    },
                    "input_artifacts": [
                      "prod-todo-a2-code"
                    ],
                    "name": "Build",
                    "namespace": "",
                    "output_artifacts": [
                      "build"
                    ],
                    "owner": "AWS",
                    "provider": "CodeBuild",
                    "region": "",
                    "role_arn": "",
                    "run_order": 1,
                    "version": "1"
                  }
                ],
                "name": "Build"
              },
              {
                "action": [
                  {
                    "category": "Deploy",
                    "configuration": {
                      "ActionMode": "CHANGE_SET_REPLACE",
                      "Capabilities": "CAPABILITY_IAM,CAPABILITY_AUTO_EXPAND",
                      "ChangeSetName": "prod-todo-a2-todo-a2-stack-name-deploy",
                      "OutputFileName": "ChangeSetOutput.json",
                      "RoleArn": "arn:aws:iam::983670951732:role/prod-todo-a2-sam-pipeline-cf-role",
                      "StackName": "prod-todo-a2-todo-a2-stack-name",
                      "TemplateConfiguration": "build::configuration.json",
                      "TemplatePath": "build::packaged.yaml"
                    },
                    "input_artifacts": [
                      "build"
                    ],
                    "name": "CreateChangeSet",
                    "namespace": "",
                    "output_artifacts": [],
                    "owner": "AWS",
                    "provider": "CloudFormation",
                    "region": "",
                    "role_arn": "arn:aws:iam::983670951732:role/prod-todo-a2-sam-pipeline-cf-role",
                    "run_order": 1,
                    "version": "1"
                  },
                  {
                    "category": "Deploy",
                    "configuration": {
                      "ActionMode": "CHANGE_SET_EXECUTE",
                      "Capabilities": "CAPABILITY_IAM,CAPABILITY_AUTO_EXPAND",
                      "ChangeSetName": "prod-todo-a2-todo-a2-stack-name-deploy",
                      "OutputFileName": "ChangeSetExecuteOutput.json",
                      "StackName": "prod-todo-a2-todo-a2-stack-name"
                    },
                    "input_artifacts": [
                      "build"
                    ],
                    "name": "Deploy",
                    "namespace": "",
                    "output_artifacts": [],
                    "owner": "AWS",
                    "provider": "CloudFormation",
                    "region": "",
                    "role_arn": "",
                    "run_order": 2,
                    "version": "1"
                  }
                ],
                "name": "Deploy"
              }
            ],
            "tags": {
              "Environment": "prod",
              "Name": "todo-a2"
            },
            "tags_all": {
              "Environment": "prod",
              "Name": "todo-a2"
            }
          },
          "sensitive_attributes": [],
          "private": "bnVsbA==",
          "dependencies": [
            "module.aws_sam_dev_cicd_pipeline.aws_codebuild_project.sam_build",
            "module.aws_sam_dev_cicd_pipeline.aws_codebuild_project.sam_test",
            "module.aws_sam_dev_cicd_pipeline.aws_s3_bucket._",
            "module.aws_sam_dev_cicd_pipeline.module.aws_iam_cloudformation.aws_iam_role._",
            "module.aws_sam_dev_cicd_pipeline.module.aws_iam_cloudformation.data.template_file.assumerole",
            "module.aws_sam_dev_cicd_pipeline.module.aws_iam_codebuild.aws_iam_role._",
            "module.aws_sam_dev_cicd_pipeline.module.aws_iam_codebuild.data.template_file.assumerole",
            "module.aws_sam_dev_cicd_pipeline.module.aws_sam_iam.aws_iam_role._",
            "module.aws_sam_dev_cicd_pipeline.module.aws_sam_iam.data.template_file.assumerole"
          ]
        }
      ]
    },
    {
      "module": "module.aws_sam_dev_cicd_pipeline",
      "mode": "managed",
      "type": "aws_s3_bucket",
      "name": "_",
      "provider": "provider[\"registry.terraform.io/hashicorp/aws\"]",
      "instances": [
        {
          "schema_version": 0,
          "attributes": {
            "acceleration_status": "",
            "acl": "private",
            "arn": "arn:aws:s3:::prod-todo-a2-artifact-bucket-sam-pipeline",
            "bucket": "prod-todo-a2-artifact-bucket-sam-pipeline",
            "bucket_domain_name": "prod-todo-a2-artifact-bucket-sam-pipeline.s3.amazonaws.com",
            "bucket_prefix": null,
            "bucket_regional_domain_name": "prod-todo-a2-artifact-bucket-sam-pipeline.s3.ap-southeast-1.amazonaws.com",
            "cors_rule": [],
            "force_destroy": true,
            "grant": [],
            "hosted_zone_id": "Z3O0J2DXBE1FTB",
            "id": "prod-todo-a2-artifact-bucket-sam-pipeline",
            "lifecycle_rule": [],
            "logging": [],
            "object_lock_configuration": [],
            "object_lock_enabled": false,
            "policy": null,
            "region": "ap-southeast-1",
            "replication_configuration": [],
            "request_payer": "BucketOwner",
            "server_side_encryption_configuration": [],
            "tags": {},
            "tags_all": {},
            "versioning": [
              {
                "enabled": false,
                "mfa_delete": false
              }
            ],
            "website": [],
            "website_domain": null,
            "website_endpoint": null
          },
          "sensitive_attributes": [],
          "private": "bnVsbA=="
        }
      ]
    },
    {
      "module": "module.aws_sam_dev_cicd_pipeline",
      "mode": "managed",
      "type": "aws_s3_bucket_acl",
      "name": "_",
      "provider": "provider[\"registry.terraform.io/hashicorp/aws\"]",
      "instances": [
        {
          "schema_version": 0,
          "attributes": {
            "access_control_policy": [
              {
                "grant": [
                  {
                    "grantee": [
                      {
                        "display_name": "ducdd.solution",
                        "email_address": "",
                        "id": "d51e2f4dedd84438eebcb8012e9516d1e73a9f1b587dfd3a38d722a59c3ca06b",
                        "type": "CanonicalUser",
                        "uri": ""
                      }
                    ],
                    "permission": "FULL_CONTROL"
                  }
                ],
                "owner": [
                  {
                    "display_name": "ducdd.solution",
                    "id": "d51e2f4dedd84438eebcb8012e9516d1e73a9f1b587dfd3a38d722a59c3ca06b"
                  }
                ]
              }
            ],
            "acl": "private",
            "bucket": "prod-todo-a2-artifact-bucket-sam-pipeline",
            "expected_bucket_owner": "",
            "id": "prod-todo-a2-artifact-bucket-sam-pipeline,private"
          },
          "sensitive_attributes": [],
          "private": "bnVsbA==",
          "dependencies": [
            "module.aws_sam_dev_cicd_pipeline.aws_s3_bucket._"
          ]
        }
      ]
    },
    {
      "module": "module.aws_sam_dev_cicd_pipeline.module.aws_iam_cloudformation",
      "mode": "data",
      "type": "template_file",
      "name": "_",
      "provider": "provider[\"registry.terraform.io/hashicorp/template\"]",
      "instances": [
        {
          "index_key": 0,
          "schema_version": 0,
          "attributes": {
            "filename": null,
            "id": "fd9ce04419c8a0b3ccaceab4d80315fb2157918585065d4e7106c3781251fe71",
            "rendered": "{\r\n  \"Version\": \"2012-10-17\",\r\n  \"Statement\": [\r\n    {\r\n      \"Effect\": \"Allow\",\r\n      \"Action\": [\"*\"],\r\n      \"Resource\": [\"*\"]\r\n    }\r\n  ]\r\n}\r\n",
            "template": "{\r\n  \"Version\": \"2012-10-17\",\r\n  \"Statement\": [\r\n    {\r\n      \"Effect\": \"Allow\",\r\n      \"Action\": [\"*\"],\r\n      \"Resource\": [\"*\"]\r\n    }\r\n  ]\r\n}\r\n",
            "vars": {
              "codepipeline_role_arn": "arn:aws:iam::983670951732:role/prod-todo-a2-sam-pipeline-pipeline-role"
            }
          },
          "sensitive_attributes": []
        }
      ]
    },
    {
      "module": "module.aws_sam_dev_cicd_pipeline.module.aws_iam_cloudformation",
      "mode": "data",
      "type": "template_file",
      "name": "assumerole",
      "provider": "provider[\"registry.terraform.io/hashicorp/template\"]",
      "instances": [
        {
          "index_key": 0,
          "schema_version": 0,
          "attributes": {
            "filename": null,
            "id": "d8d1c37e7b04fa15ece1cff7abc9fdae15aad4f6848a5b7b6a438b669acda21a",
            "rendered": "{\r\n  \"Version\": \"2012-10-17\",\r\n  \"Statement\": [\r\n    {\r\n      \"Effect\": \"Allow\",\r\n      \"Principal\": {\r\n        \"Service\": [\"cloudformation.amazonaws.com\"]\r\n      },\r\n      \"Action\": \"sts:AssumeRole\"\r\n    },\r\n    {\r\n      \"Effect\": \"Allow\",\r\n      \"Principal\": {\r\n        \"AWS\": [\"arn:aws:iam::983670951732:role/prod-todo-a2-sam-pipeline-pipeline-role\"]\r\n      },\r\n      \"Action\": \"sts:AssumeRole\"\r\n    }\r\n  ]\r\n}\r\n",
            "template": "{\r\n  \"Version\": \"2012-10-17\",\r\n  \"Statement\": [\r\n    {\r\n      \"Effect\": \"Allow\",\r\n      \"Principal\": {\r\n        \"Service\": [\"cloudformation.amazonaws.com\"]\r\n      },\r\n      \"Action\": \"sts:AssumeRole\"\r\n    },\r\n    {\r\n      \"Effect\": \"Allow\",\r\n      \"Principal\": {\r\n        \"AWS\": [\"${codepipeline_role_arn}\"]\r\n      },\r\n      \"Action\": \"sts:AssumeRole\"\r\n    }\r\n  ]\r\n}\r\n",
            "vars": {
              "codepipeline_role_arn": "arn:aws:iam::983670951732:role/prod-todo-a2-sam-pipeline-pipeline-role"
            }
          },
          "sensitive_attributes": []
        }
      ]
    },
    {
      "module": "module.aws_sam_dev_cicd_pipeline.module.aws_iam_cloudformation",
      "mode": "managed",
      "type": "aws_iam_policy",
      "name": "_",
      "provider": "provider[\"registry.terraform.io/hashicorp/aws\"]",
      "instances": [
        {
          "index_key": 0,
          "schema_version": 0,
          "attributes": {
            "arn": "arn:aws:iam::983670951732:policy/prod-todo-a2-sam-pipeline-cf-policy",
            "description": "",
            "id": "arn:aws:iam::983670951732:policy/prod-todo-a2-sam-pipeline-cf-policy",
            "name": "prod-todo-a2-sam-pipeline-cf-policy",
            "name_prefix": null,
            "path": "/",
            "policy": "{\"Statement\":[{\"Action\":[\"*\"],\"Effect\":\"Allow\",\"Resource\":[\"*\"]}],\"Version\":\"2012-10-17\"}",
            "policy_id": "ANPA6KB23R42I2ZVEHQVW",
            "tags": {
              "Environment": "prod",
              "Name": "todo-a2"
            },
            "tags_all": {
              "Environment": "prod",
              "Name": "todo-a2"
            }
          },
          "sensitive_attributes": [],
          "private": "bnVsbA==",
          "dependencies": [
            "module.aws_sam_dev_cicd_pipeline.module.aws_iam_cloudformation.data.template_file._",
            "module.aws_sam_dev_cicd_pipeline.module.aws_sam_iam.aws_iam_role._",
            "module.aws_sam_dev_cicd_pipeline.module.aws_sam_iam.data.template_file.assumerole"
          ]
        }
      ]
    },
    {
      "module": "module.aws_sam_dev_cicd_pipeline.module.aws_iam_cloudformation",
      "mode": "managed",
      "type": "aws_iam_policy_attachment",
      "name": "_",
      "provider": "provider[\"registry.terraform.io/hashicorp/aws\"]",
      "instances": [
        {
          "index_key": 0,
          "schema_version": 0,
          "attributes": {
            "groups": [],
            "id": "prod-todo-a2-attachment",
            "name": "prod-todo-a2-attachment",
            "policy_arn": "arn:aws:iam::983670951732:policy/prod-todo-a2-sam-pipeline-cf-policy",
            "roles": [
              "prod-todo-a2-sam-pipeline-cf-role"
            ],
            "users": []
          },
          "sensitive_attributes": [],
          "private": "bnVsbA==",
          "dependencies": [
            "module.aws_sam_dev_cicd_pipeline.module.aws_iam_cloudformation.aws_iam_policy._",
            "module.aws_sam_dev_cicd_pipeline.module.aws_iam_cloudformation.aws_iam_role._",
            "module.aws_sam_dev_cicd_pipeline.module.aws_iam_cloudformation.data.template_file._",
            "module.aws_sam_dev_cicd_pipeline.module.aws_iam_cloudformation.data.template_file.assumerole",
            "module.aws_sam_dev_cicd_pipeline.module.aws_sam_iam.aws_iam_role._",
            "module.aws_sam_dev_cicd_pipeline.module.aws_sam_iam.data.template_file.assumerole"
          ]
        }
      ]
    },
    {
      "module": "module.aws_sam_dev_cicd_pipeline.module.aws_iam_cloudformation",
      "mode": "managed",
      "type": "aws_iam_role",
      "name": "_",
      "provider": "provider[\"registry.terraform.io/hashicorp/aws\"]",
      "instances": [
        {
          "index_key": 0,
          "schema_version": 0,
          "attributes": {
            "arn": "arn:aws:iam::983670951732:role/prod-todo-a2-sam-pipeline-cf-role",
            "assume_role_policy": "{\"Version\":\"2012-10-17\",\"Statement\":[{\"Effect\":\"Allow\",\"Principal\":{\"Service\":\"cloudformation.amazonaws.com\"},\"Action\":\"sts:AssumeRole\"},{\"Effect\":\"Allow\",\"Principal\":{\"AWS\":\"arn:aws:iam::983670951732:role/prod-todo-a2-sam-pipeline-pipeline-role\"},\"Action\":\"sts:AssumeRole\"}]}",
            "create_date": "2022-04-21T12:00:58Z",
            "description": "",
            "force_detach_policies": false,
            "id": "prod-todo-a2-sam-pipeline-cf-role",
            "inline_policy": [
              {
                "name": "",
                "policy": ""
              }
            ],
            "managed_policy_arns": [
              "arn:aws:iam::983670951732:policy/prod-todo-a2-sam-pipeline-cf-policy"
            ],
            "max_session_duration": 3600,
            "name": "prod-todo-a2-sam-pipeline-cf-role",
            "name_prefix": "",
            "path": "/",
            "permissions_boundary": null,
            "tags": {
              "Environment": "prod",
              "Name": "todo-a2"
            },
            "tags_all": {
              "Environment": "prod",
              "Name": "todo-a2"
            },
            "unique_id": "AROA6KB23R42K7SMHVITN"
          },
          "sensitive_attributes": [],
          "private": "bnVsbA==",
          "dependencies": [
            "module.aws_sam_dev_cicd_pipeline.module.aws_iam_cloudformation.data.template_file.assumerole",
            "module.aws_sam_dev_cicd_pipeline.module.aws_sam_iam.aws_iam_role._",
            "module.aws_sam_dev_cicd_pipeline.module.aws_sam_iam.data.template_file.assumerole"
          ]
        }
      ]
    },
    {
      "module": "module.aws_sam_dev_cicd_pipeline.module.aws_iam_codebuild",
      "mode": "data",
      "type": "template_file",
      "name": "_",
      "provider": "provider[\"registry.terraform.io/hashicorp/template\"]",
      "instances": [
        {
          "index_key": 0,
          "schema_version": 0,
          "attributes": {
            "filename": null,
            "id": "a633bfce92004c566f959fe5491464ceac0e6c41667ee8349f95a964899600f4",
            "rendered": "{\r\n  \"Version\": \"2012-10-17\",\r\n  \"Statement\": [\r\n    {\r\n      \"Effect\": \"Allow\",\r\n      \"Action\": [\"codestar-connections:UseConnection\"],\r\n      \"Resource\": [\"*\"]\r\n    },\r\n    {\r\n      \"Action\": [\r\n        \"logs:*\",\r\n        \"s3:*\",\r\n        \"codebuild:*\",\r\n        \"secretsmanager:*\",\r\n        \"iam:*\",\r\n        \"sqs:*\",\r\n        \"dynamodb:*\",\r\n        \"apigateway:*\",\r\n        \"lambda:*\",\r\n        \"codepipeline:*\",\r\n        \"ssm:*\",\r\n        \"cloudformation:*\"\r\n      ],\r\n      \"Resource\": [\"*\"],\r\n      \"Effect\": \"Allow\"\r\n    }\r\n  ]\r\n}\r\n",
            "template": "{\r\n  \"Version\": \"2012-10-17\",\r\n  \"Statement\": [\r\n    {\r\n      \"Effect\": \"Allow\",\r\n      \"Action\": [\"codestar-connections:UseConnection\"],\r\n      \"Resource\": [\"*\"]\r\n    },\r\n    {\r\n      \"Action\": [\r\n        \"logs:*\",\r\n        \"s3:*\",\r\n        \"codebuild:*\",\r\n        \"secretsmanager:*\",\r\n        \"iam:*\",\r\n        \"sqs:*\",\r\n        \"dynamodb:*\",\r\n        \"apigateway:*\",\r\n        \"lambda:*\",\r\n        \"codepipeline:*\",\r\n        \"ssm:*\",\r\n        \"cloudformation:*\"\r\n      ],\r\n      \"Resource\": [\"*\"],\r\n      \"Effect\": \"Allow\"\r\n    }\r\n  ]\r\n}\r\n",
            "vars": null
          },
          "sensitive_attributes": []
        }
      ]
    },
    {
      "module": "module.aws_sam_dev_cicd_pipeline.module.aws_iam_codebuild",
      "mode": "data",
      "type": "template_file",
      "name": "assumerole",
      "provider": "provider[\"registry.terraform.io/hashicorp/template\"]",
      "instances": [
        {
          "index_key": 0,
          "schema_version": 0,
          "attributes": {
            "filename": null,
            "id": "da4d57f781fd291546759889d401b21a8027f567bb5eb205ace3f941d0316c7e",
            "rendered": "{\r\n  \"Version\": \"2012-10-17\",\r\n  \"Statement\": [\r\n    {\r\n      \"Action\": \"sts:AssumeRole\",\r\n      \"Principal\": {\r\n        \"Service\": \"codebuild.amazonaws.com\"\r\n      },\r\n      \"Effect\": \"Allow\",\r\n      \"Sid\": \"\"\r\n    }\r\n  ]\r\n}\r\n",
            "template": "{\r\n  \"Version\": \"2012-10-17\",\r\n  \"Statement\": [\r\n    {\r\n      \"Action\": \"sts:AssumeRole\",\r\n      \"Principal\": {\r\n        \"Service\": \"codebuild.amazonaws.com\"\r\n      },\r\n      \"Effect\": \"Allow\",\r\n      \"Sid\": \"\"\r\n    }\r\n  ]\r\n}\r\n",
            "vars": null
          },
          "sensitive_attributes": []
        }
      ]
    },
    {
      "module": "module.aws_sam_dev_cicd_pipeline.module.aws_iam_codebuild",
      "mode": "managed",
      "type": "aws_iam_policy",
      "name": "_",
      "provider": "provider[\"registry.terraform.io/hashicorp/aws\"]",
      "instances": [
        {
          "index_key": 0,
          "schema_version": 0,
          "attributes": {
            "arn": "arn:aws:iam::983670951732:policy/prod-todo-a2-sam-pipeline-codebuild-policy",
            "description": "",
            "id": "arn:aws:iam::983670951732:policy/prod-todo-a2-sam-pipeline-codebuild-policy",
            "name": "prod-todo-a2-sam-pipeline-codebuild-policy",
            "name_prefix": null,
            "path": "/",
            "policy": "{\"Statement\":[{\"Action\":[\"codestar-connections:UseConnection\"],\"Effect\":\"Allow\",\"Resource\":[\"*\"]},{\"Action\":[\"logs:*\",\"s3:*\",\"codebuild:*\",\"secretsmanager:*\",\"iam:*\",\"sqs:*\",\"dynamodb:*\",\"apigateway:*\",\"lambda:*\",\"codepipeline:*\",\"ssm:*\",\"cloudformation:*\"],\"Effect\":\"Allow\",\"Resource\":[\"*\"]}],\"Version\":\"2012-10-17\"}",
            "policy_id": "ANPA6KB23R42ERO4W52G2",
            "tags": {
              "Environment": "prod",
              "Name": "todo-a2"
            },
            "tags_all": {
              "Environment": "prod",
              "Name": "todo-a2"
            }
          },
          "sensitive_attributes": [],
          "private": "bnVsbA==",
          "dependencies": [
            "module.aws_sam_dev_cicd_pipeline.module.aws_iam_codebuild.data.template_file._"
          ]
        }
      ]
    },
    {
      "module": "module.aws_sam_dev_cicd_pipeline.module.aws_iam_codebuild",
      "mode": "managed",
      "type": "aws_iam_policy_attachment",
      "name": "_",
      "provider": "provider[\"registry.terraform.io/hashicorp/aws\"]",
      "instances": [
        {
          "index_key": 0,
          "schema_version": 0,
          "attributes": {
            "groups": [],
            "id": "prod-todo-a2-attachment",
            "name": "prod-todo-a2-attachment",
            "policy_arn": "arn:aws:iam::983670951732:policy/prod-todo-a2-sam-pipeline-codebuild-policy",
            "roles": [
              "prod-todo-a2-sam-pipeline-codebuild-role"
            ],
            "users": []
          },
          "sensitive_attributes": [],
          "private": "bnVsbA==",
          "dependencies": [
            "module.aws_sam_dev_cicd_pipeline.module.aws_iam_codebuild.aws_iam_policy._",
            "module.aws_sam_dev_cicd_pipeline.module.aws_iam_codebuild.aws_iam_role._",
            "module.aws_sam_dev_cicd_pipeline.module.aws_iam_codebuild.data.template_file._",
            "module.aws_sam_dev_cicd_pipeline.module.aws_iam_codebuild.data.template_file.assumerole"
          ]
        }
      ]
    },
    {
      "module": "module.aws_sam_dev_cicd_pipeline.module.aws_iam_codebuild",
      "mode": "managed",
      "type": "aws_iam_role",
      "name": "_",
      "provider": "provider[\"registry.terraform.io/hashicorp/aws\"]",
      "instances": [
        {
          "index_key": 0,
          "schema_version": 0,
          "attributes": {
            "arn": "arn:aws:iam::983670951732:role/prod-todo-a2-sam-pipeline-codebuild-role",
            "assume_role_policy": "{\"Version\":\"2012-10-17\",\"Statement\":[{\"Sid\":\"\",\"Effect\":\"Allow\",\"Principal\":{\"Service\":\"codebuild.amazonaws.com\"},\"Action\":\"sts:AssumeRole\"}]}",
            "create_date": "2022-04-21T12:00:48Z",
            "description": "",
            "force_detach_policies": false,
            "id": "prod-todo-a2-sam-pipeline-codebuild-role",
            "inline_policy": [
              {
                "name": "",
                "policy": ""
              }
            ],
            "managed_policy_arns": [
              "arn:aws:iam::983670951732:policy/prod-todo-a2-sam-pipeline-codebuild-policy"
            ],
            "max_session_duration": 3600,
            "name": "prod-todo-a2-sam-pipeline-codebuild-role",
            "name_prefix": "",
            "path": "/",
            "permissions_boundary": null,
            "tags": {
              "Environment": "prod",
              "Name": "todo-a2"
            },
            "tags_all": {
              "Environment": "prod",
              "Name": "todo-a2"
            },
            "unique_id": "AROA6KB23R42IVBXDXDFE"
          },
          "sensitive_attributes": [],
          "private": "bnVsbA==",
          "dependencies": [
            "module.aws_sam_dev_cicd_pipeline.module.aws_iam_codebuild.data.template_file.assumerole"
          ]
        }
      ]
    },
    {
      "module": "module.aws_sam_dev_cicd_pipeline.module.aws_sam_iam",
      "mode": "data",
      "type": "template_file",
      "name": "_",
      "provider": "provider[\"registry.terraform.io/hashicorp/template\"]",
      "instances": [
        {
          "index_key": 0,
          "schema_version": 0,
          "attributes": {
            "filename": null,
            "id": "a633bfce92004c566f959fe5491464ceac0e6c41667ee8349f95a964899600f4",
            "rendered": "{\r\n  \"Version\": \"2012-10-17\",\r\n  \"Statement\": [\r\n    {\r\n      \"Effect\": \"Allow\",\r\n      \"Action\": [\"codestar-connections:UseConnection\"],\r\n      \"Resource\": [\"*\"]\r\n    },\r\n    {\r\n      \"Action\": [\r\n        \"logs:*\",\r\n        \"s3:*\",\r\n        \"codebuild:*\",\r\n        \"secretsmanager:*\",\r\n        \"iam:*\",\r\n        \"sqs:*\",\r\n        \"dynamodb:*\",\r\n        \"apigateway:*\",\r\n        \"lambda:*\",\r\n        \"codepipeline:*\",\r\n        \"ssm:*\",\r\n        \"cloudformation:*\"\r\n      ],\r\n      \"Resource\": [\"*\"],\r\n      \"Effect\": \"Allow\"\r\n    }\r\n  ]\r\n}\r\n",
            "template": "{\r\n  \"Version\": \"2012-10-17\",\r\n  \"Statement\": [\r\n    {\r\n      \"Effect\": \"Allow\",\r\n      \"Action\": [\"codestar-connections:UseConnection\"],\r\n      \"Resource\": [\"*\"]\r\n    },\r\n    {\r\n      \"Action\": [\r\n        \"logs:*\",\r\n        \"s3:*\",\r\n        \"codebuild:*\",\r\n        \"secretsmanager:*\",\r\n        \"iam:*\",\r\n        \"sqs:*\",\r\n        \"dynamodb:*\",\r\n        \"apigateway:*\",\r\n        \"lambda:*\",\r\n        \"codepipeline:*\",\r\n        \"ssm:*\",\r\n        \"cloudformation:*\"\r\n      ],\r\n      \"Resource\": [\"*\"],\r\n      \"Effect\": \"Allow\"\r\n    }\r\n  ]\r\n}\r\n",
            "vars": null
          },
          "sensitive_attributes": []
        }
      ]
    },
    {
      "module": "module.aws_sam_dev_cicd_pipeline.module.aws_sam_iam",
      "mode": "data",
      "type": "template_file",
      "name": "assumerole",
      "provider": "provider[\"registry.terraform.io/hashicorp/template\"]",
      "instances": [
        {
          "index_key": 0,
          "schema_version": 0,
          "attributes": {
            "filename": null,
            "id": "1bbc47305511ee84cc93ac887400537d684a48facce2b83fb8b0d50e309da840",
            "rendered": "{\r\n  \"Version\": \"2012-10-17\",\r\n  \"Statement\": [\r\n    {\r\n      \"Action\": \"sts:AssumeRole\",\r\n      \"Principal\": {\r\n        \"Service\": \"codepipeline.amazonaws.com\"\r\n      },\r\n      \"Effect\": \"Allow\",\r\n      \"Sid\": \"\"\r\n    }\r\n  ]\r\n}\r\n",
            "template": "{\r\n  \"Version\": \"2012-10-17\",\r\n  \"Statement\": [\r\n    {\r\n      \"Action\": \"sts:AssumeRole\",\r\n      \"Principal\": {\r\n        \"Service\": \"codepipeline.amazonaws.com\"\r\n      },\r\n      \"Effect\": \"Allow\",\r\n      \"Sid\": \"\"\r\n    }\r\n  ]\r\n}\r\n",
            "vars": null
          },
          "sensitive_attributes": []
        }
      ]
    },
    {
      "module": "module.aws_sam_dev_cicd_pipeline.module.aws_sam_iam",
      "mode": "managed",
      "type": "aws_iam_policy",
      "name": "_",
      "provider": "provider[\"registry.terraform.io/hashicorp/aws\"]",
      "instances": [
        {
          "index_key": 0,
          "schema_version": 0,
          "attributes": {
            "arn": "arn:aws:iam::983670951732:policy/prod-todo-a2-sam-pipeline-pipeline-policy",
            "description": "",
            "id": "arn:aws:iam::983670951732:policy/prod-todo-a2-sam-pipeline-pipeline-policy",
            "name": "prod-todo-a2-sam-pipeline-pipeline-policy",
            "name_prefix": null,
            "path": "/",
            "policy": "{\"Statement\":[{\"Action\":[\"codestar-connections:UseConnection\"],\"Effect\":\"Allow\",\"Resource\":[\"*\"]},{\"Action\":[\"logs:*\",\"s3:*\",\"codebuild:*\",\"secretsmanager:*\",\"iam:*\",\"sqs:*\",\"dynamodb:*\",\"apigateway:*\",\"lambda:*\",\"codepipeline:*\",\"ssm:*\",\"cloudformation:*\"],\"Effect\":\"Allow\",\"Resource\":[\"*\"]}],\"Version\":\"2012-10-17\"}",
            "policy_id": "ANPA6KB23R42DO3UJIVLB",
            "tags": {
              "Environment": "prod",
              "Name": "todo-a2"
            },
            "tags_all": {
              "Environment": "prod",
              "Name": "todo-a2"
            }
          },
          "sensitive_attributes": [],
          "private": "bnVsbA==",
          "dependencies": [
            "module.aws_sam_dev_cicd_pipeline.module.aws_sam_iam.data.template_file._"
          ]
        }
      ]
    },
    {
      "module": "module.aws_sam_dev_cicd_pipeline.module.aws_sam_iam",
      "mode": "managed",
      "type": "aws_iam_policy_attachment",
      "name": "_",
      "provider": "provider[\"registry.terraform.io/hashicorp/aws\"]",
      "instances": [
        {
          "index_key": 0,
          "schema_version": 0,
          "attributes": {
            "groups": [],
            "id": "prod-todo-a2-attachment",
            "name": "prod-todo-a2-attachment",
            "policy_arn": "arn:aws:iam::983670951732:policy/prod-todo-a2-sam-pipeline-pipeline-policy",
            "roles": [
              "prod-todo-a2-sam-pipeline-pipeline-role"
            ],
            "users": []
          },
          "sensitive_attributes": [],
          "private": "bnVsbA==",
          "dependencies": [
            "module.aws_sam_dev_cicd_pipeline.module.aws_sam_iam.aws_iam_policy._",
            "module.aws_sam_dev_cicd_pipeline.module.aws_sam_iam.aws_iam_role._",
            "module.aws_sam_dev_cicd_pipeline.module.aws_sam_iam.data.template_file._",
            "module.aws_sam_dev_cicd_pipeline.module.aws_sam_iam.data.template_file.assumerole"
          ]
        }
      ]
    },
    {
      "module": "module.aws_sam_dev_cicd_pipeline.module.aws_sam_iam",
      "mode": "managed",
      "type": "aws_iam_role",
      "name": "_",
      "provider": "provider[\"registry.terraform.io/hashicorp/aws\"]",
      "instances": [
        {
          "index_key": 0,
          "schema_version": 0,
          "attributes": {
            "arn": "arn:aws:iam::983670951732:role/prod-todo-a2-sam-pipeline-pipeline-role",
            "assume_role_policy": "{\"Version\":\"2012-10-17\",\"Statement\":[{\"Sid\":\"\",\"Effect\":\"Allow\",\"Principal\":{\"Service\":\"codepipeline.amazonaws.com\"},\"Action\":\"sts:AssumeRole\"}]}",
            "create_date": "2022-04-21T12:00:48Z",
            "description": "",
            "force_detach_policies": false,
            "id": "prod-todo-a2-sam-pipeline-pipeline-role",
            "inline_policy": [
              {
                "name": "",
                "policy": ""
              }
            ],
            "managed_policy_arns": [
              "arn:aws:iam::983670951732:policy/prod-todo-a2-sam-pipeline-pipeline-policy"
            ],
            "max_session_duration": 3600,
            "name": "prod-todo-a2-sam-pipeline-pipeline-role",
            "name_prefix": "",
            "path": "/",
            "permissions_boundary": null,
            "tags": {
              "Environment": "prod",
              "Name": "todo-a2"
            },
            "tags_all": {
              "Environment": "prod",
              "Name": "todo-a2"
            },
            "unique_id": "AROA6KB23R42M6PWIFTKI"
          },
          "sensitive_attributes": [],
          "private": "bnVsbA==",
          "dependencies": [
            "module.aws_sam_dev_cicd_pipeline.module.aws_sam_iam.data.template_file.assumerole"
          ]
        }
      ]
    },
    {
      "module": "module.aws_ssm_params",
      "mode": "managed",
      "type": "aws_ssm_parameter",
      "name": "_",
      "provider": "provider[\"registry.terraform.io/hashicorp/aws\"]",
      "instances": [
        {
          "index_key": "dynamodb_arn",
          "schema_version": 0,
          "attributes": {
            "allowed_pattern": "",
            "arn": "arn:aws:ssm:ap-southeast-1:983670951732:parameter/prod/todo-a2/dynamodb_arn",
            "data_type": "text",
            "description": "",
            "id": "/prod/todo-a2/dynamodb_arn",
            "key_id": "",
            "name": "/prod/todo-a2/dynamodb_arn",
            "overwrite": true,
            "tags": {},
            "tags_all": {},
            "tier": "Standard",
            "type": "String",
            "value": "arn:aws:dynamodb:ap-southeast-1:983670951732:table/prod-todo-a2_todo_table",
            "version": 1
          },
          "sensitive_attributes": [],
          "private": "bnVsbA==",
          "dependencies": [
            "aws_dynamodb_table._",
            "aws_sqs_queue._"
          ]
        },
        {
          "index_key": "dynamodb_name",
          "schema_version": 0,
          "attributes": {
            "allowed_pattern": "",
            "arn": "arn:aws:ssm:ap-southeast-1:983670951732:parameter/prod/todo-a2/dynamodb_name",
            "data_type": "text",
            "description": "",
            "id": "/prod/todo-a2/dynamodb_name",
            "key_id": "",
            "name": "/prod/todo-a2/dynamodb_name",
            "overwrite": true,
            "tags": {},
            "tags_all": {},
            "tier": "Standard",
            "type": "String",
            "value": "prod-todo-a2_todo_table",
            "version": 1
          },
          "sensitive_attributes": [],
          "private": "bnVsbA==",
          "dependencies": [
            "aws_dynamodb_table._",
            "aws_sqs_queue._"
          ]
        },
        {
          "index_key": "sqs_queue_arn",
          "schema_version": 0,
          "attributes": {
            "allowed_pattern": "",
            "arn": "arn:aws:ssm:ap-southeast-1:983670951732:parameter/prod/todo-a2/sqs_queue_arn",
            "data_type": "text",
            "description": "",
            "id": "/prod/todo-a2/sqs_queue_arn",
            "key_id": "",
            "name": "/prod/todo-a2/sqs_queue_arn",
            "overwrite": true,
            "tags": {},
            "tags_all": {},
            "tier": "Standard",
            "type": "String",
            "value": "arn:aws:sqs:ap-southeast-1:983670951732:prod-todo-a2_queue",
            "version": 1
          },
          "sensitive_attributes": [],
          "private": "bnVsbA==",
          "dependencies": [
            "aws_dynamodb_table._",
            "aws_sqs_queue._"
          ]
        },
        {
          "index_key": "sqs_queue_name",
          "schema_version": 0,
          "attributes": {
            "allowed_pattern": "",
            "arn": "arn:aws:ssm:ap-southeast-1:983670951732:parameter/prod/todo-a2/sqs_queue_name",
            "data_type": "text",
            "description": "",
            "id": "/prod/todo-a2/sqs_queue_name",
            "key_id": "",
            "name": "/prod/todo-a2/sqs_queue_name",
            "overwrite": true,
            "tags": {},
            "tags_all": {},
            "tier": "Standard",
            "type": "String",
            "value": "prod-todo-a2_queue",
            "version": 1
          },
          "sensitive_attributes": [],
          "private": "bnVsbA==",
          "dependencies": [
            "aws_dynamodb_table._",
            "aws_sqs_queue._"
          ]
        }
      ]
    },
    {
      "module": "module.aws_tf_cicd_pipeline",
      "mode": "managed",
      "type": "aws_codebuild_project",
      "name": "tf_apply",
      "provider": "provider[\"registry.terraform.io/hashicorp/aws\"]",
      "instances": [
        {
          "schema_version": 0,
          "attributes": {
            "arn": "arn:aws:codebuild:ap-southeast-1:983670951732:project/prod-todo-a2-tf-cicd-apply",
            "artifacts": [
              {
                "artifact_identifier": "",
                "bucket_owner_access": "",
                "encryption_disabled": false,
                "location": "",
                "name": "prod-todo-a2-tf-cicd-apply",
                "namespace_type": "",
                "override_artifact_name": false,
                "packaging": "NONE",
                "path": "",
                "type": "CODEPIPELINE"
              }
            ],
            "badge_enabled": false,
            "badge_url": "",
            "build_batch_config": [],
            "build_timeout": 60,
            "cache": [
              {
                "location": "",
                "modes": [],
                "type": "NO_CACHE"
              }
            ],
            "concurrent_build_limit": 0,
            "description": "Apply state for terraform",
            "encryption_key": "arn:aws:kms:ap-southeast-1:983670951732:alias/aws/s3",
            "environment": [
              {
                "certificate": "",
                "compute_type": "BUILD_GENERAL1_SMALL",
                "environment_variable": [
                  {
                    "name": "BACKEND_CONFIG",
                    "type": "PLAINTEXT",
                    "value": "./environments/prod/prod.tfbackend"
                  },
                  {
                    "name": "TF_VARS",
                    "type": "PLAINTEXT",
                    "value": "./environments/prod/prod.tfvars"
                  }
                ],
                "image": "hashicorp/terraform:latest",
                "image_pull_credentials_type": "SERVICE_ROLE",
                "privileged_mode": false,
                "registry_credential": [],
                "type": "LINUX_CONTAINER"
              }
            ],
            "file_system_locations": [],
            "id": "arn:aws:codebuild:ap-southeast-1:983670951732:project/prod-todo-a2-tf-cicd-apply",
            "logs_config": [
              {
                "cloudwatch_logs": [
                  {
                    "group_name": "",
                    "status": "ENABLED",
                    "stream_name": ""
                  }
                ],
                "s3_logs": [
                  {
                    "bucket_owner_access": "",
                    "encryption_disabled": false,
                    "location": "",
                    "status": "DISABLED"
                  }
                ]
              }
            ],
            "name": "prod-todo-a2-tf-cicd-apply",
            "project_visibility": "PRIVATE",
            "public_project_alias": "",
            "queued_timeout": 480,
            "resource_access_role": "",
            "secondary_artifacts": [],
            "secondary_source_version": [],
            "secondary_sources": [],
            "service_role": "arn:aws:iam::983670951732:role/prod-todo-a2-prod-todo-a2-tf-cicd-codebuild-role",
            "source": [
              {
                "auth": [],
                "build_status_config": [],
                "buildspec": "version: 0.2\r\nphases:\r\n  pre_build:\r\n    commands:\r\n      - terraform init -reconfigure -backend-config=$BACKEND_CONFIG\r\n      - terraform validate\r\n  \r\n  build:\r\n    commands:\r\n      - terraform plan -var-file $TF_VARS -out .\\environments\\dev\\deploy.plan\r\n      - terraform apply \".\\\\environments\\\\dev\\\\deploy.plan\"",
                "git_clone_depth": 0,
                "git_submodules_config": [],
                "insecure_ssl": false,
                "location": "",
                "report_build_status": false,
                "type": "CODEPIPELINE"
              }
            ],
            "source_version": "",
            "tags": {},
            "tags_all": {},
            "vpc_config": []
          },
          "sensitive_attributes": [],
          "private": "bnVsbA==",
          "dependencies": [
            "module.aws_tf_cicd_pipeline.module.aws_iam_codebuild.aws_iam_role._",
            "module.aws_tf_cicd_pipeline.module.aws_iam_codebuild.data.template_file.assumerole"
          ]
        }
      ]
    },
    {
      "module": "module.aws_tf_cicd_pipeline",
      "mode": "managed",
      "type": "aws_codebuild_project",
      "name": "tf_plan",
      "provider": "provider[\"registry.terraform.io/hashicorp/aws\"]",
      "instances": [
        {
          "schema_version": 0,
          "attributes": {
            "arn": "arn:aws:codebuild:ap-southeast-1:983670951732:project/prod-todo-a2-tf-cicd-plan",
            "artifacts": [
              {
                "artifact_identifier": "",
                "bucket_owner_access": "",
                "encryption_disabled": false,
                "location": "",
                "name": "prod-todo-a2-tf-cicd-plan",
                "namespace_type": "",
                "override_artifact_name": false,
                "packaging": "NONE",
                "path": "",
                "type": "CODEPIPELINE"
              }
            ],
            "badge_enabled": false,
            "badge_url": "",
            "build_batch_config": [],
            "build_timeout": 60,
            "cache": [
              {
                "location": "",
                "modes": [],
                "type": "NO_CACHE"
              }
            ],
            "concurrent_build_limit": 0,
            "description": "Plan state for terraform",
            "encryption_key": "arn:aws:kms:ap-southeast-1:983670951732:alias/aws/s3",
            "environment": [
              {
                "certificate": "",
                "compute_type": "BUILD_GENERAL1_SMALL",
                "environment_variable": [
                  {
                    "name": "BACKEND_CONFIG",
                    "type": "PLAINTEXT",
                    "value": "./environments/prod/prod.tfbackend"
                  },
                  {
                    "name": "TF_VARS",
                    "type": "PLAINTEXT",
                    "value": "./environments/prod/prod.tfvars"
                  }
                ],
                "image": "hashicorp/terraform:latest",
                "image_pull_credentials_type": "SERVICE_ROLE",
                "privileged_mode": false,
                "registry_credential": [],
                "type": "LINUX_CONTAINER"
              }
            ],
            "file_system_locations": [],
            "id": "arn:aws:codebuild:ap-southeast-1:983670951732:project/prod-todo-a2-tf-cicd-plan",
            "logs_config": [
              {
                "cloudwatch_logs": [
                  {
                    "group_name": "",
                    "status": "ENABLED",
                    "stream_name": ""
                  }
                ],
                "s3_logs": [
                  {
                    "bucket_owner_access": "",
                    "encryption_disabled": false,
                    "location": "",
                    "status": "DISABLED"
                  }
                ]
              }
            ],
            "name": "prod-todo-a2-tf-cicd-plan",
            "project_visibility": "PRIVATE",
            "public_project_alias": "",
            "queued_timeout": 480,
            "resource_access_role": "",
            "secondary_artifacts": [],
            "secondary_source_version": [],
            "secondary_sources": [],
            "service_role": "arn:aws:iam::983670951732:role/prod-todo-a2-prod-todo-a2-tf-cicd-codebuild-role",
            "source": [
              {
                "auth": [],
                "build_status_config": [],
                "buildspec": "version: 0.2\r\nphases:\r\n  pre_build:\r\n    commands:\r\n      - terraform init -reconfigure -backend-config=$BACKEND_CONFIG\r\n      - terraform validate\r\n  \r\n  build:\r\n    commands:\r\n      - terraform plan -var-file $TF_VARS -out .\\environments\\dev\\deploy.plan",
                "git_clone_depth": 0,
                "git_submodules_config": [],
                "insecure_ssl": false,
                "location": "",
                "report_build_status": false,
                "type": "CODEPIPELINE"
              }
            ],
            "source_version": "",
            "tags": {},
            "tags_all": {},
            "vpc_config": []
          },
          "sensitive_attributes": [],
          "private": "bnVsbA==",
          "dependencies": [
            "module.aws_tf_cicd_pipeline.module.aws_iam_codebuild.aws_iam_role._",
            "module.aws_tf_cicd_pipeline.module.aws_iam_codebuild.data.template_file.assumerole"
          ]
        }
      ]
    },
    {
      "module": "module.aws_tf_cicd_pipeline",
      "mode": "managed",
      "type": "aws_codepipeline",
      "name": "_",
      "provider": "provider[\"registry.terraform.io/hashicorp/aws\"]",
      "instances": [
        {
          "schema_version": 0,
          "attributes": {
            "arn": "arn:aws:codepipeline:ap-southeast-1:983670951732:prod-todo-a2-tf-cicd",
            "artifact_store": [
              {
                "encryption_key": [],
                "location": "prod-todo-a2-artifact-bucket-tf-cicd",
                "region": "",
                "type": "S3"
              }
            ],
            "id": "prod-todo-a2-tf-cicd",
            "name": "prod-todo-a2-tf-cicd",
            "role_arn": "arn:aws:iam::983670951732:role/prod-todo-a2-prod-todo-a2-tf-cicd-pipeline-role",
            "stage": [
              {
                "action": [
                  {
                    "category": "Source",
                    "configuration": {
                      "BranchName": "main",
                      "ConnectionArn": "arn:aws:codestar-connections:ap-southeast-1:983670951732:connection/b644772d-a629-45d6-948c-128dac87a5a5",
                      "DetectChanges": "true",
                      "FullRepositoryId": "duc-hectre/terraform-aws-sam-example-2-tf",
                      "OutputArtifactFormat": "CODE_ZIP"
                    },
                    "input_artifacts": [],
                    "name": "Source",
                    "namespace": "",
                    "output_artifacts": [
                      "prod-todo-a2-tf-cicd-code"
                    ],
                    "owner": "AWS",
                    "provider": "CodeStarSourceConnection",
                    "region": "",
                    "role_arn": "",
                    "run_order": 1,
                    "version": "1"
                  }
                ],
                "name": "Source"
              },
              {
                "action": [
                  {
                    "category": "Build",
                    "configuration": {
                      "ProjectName": "prod-todo-a2-tf-cicd-plan"
                    },
                    "input_artifacts": [
                      "prod-todo-a2-tf-cicd-code"
                    ],
                    "name": "Build",
                    "namespace": "",
                    "output_artifacts": [],
                    "owner": "AWS",
                    "provider": "CodeBuild",
                    "region": "",
                    "role_arn": "",
                    "run_order": 1,
                    "version": "1"
                  }
                ],
                "name": "Plan"
              },
              {
                "action": [
                  {
                    "category": "Build",
                    "configuration": {
                      "ProjectName": "prod-todo-a2-tf-cicd-apply"
                    },
                    "input_artifacts": [
                      "prod-todo-a2-tf-cicd-code"
                    ],
                    "name": "Deploy",
                    "namespace": "",
                    "output_artifacts": [],
                    "owner": "AWS",
                    "provider": "CodeBuild",
                    "region": "",
                    "role_arn": "",
                    "run_order": 1,
                    "version": "1"
                  }
                ],
                "name": "Deploy"
              }
            ],
            "tags": {},
            "tags_all": {}
          },
          "sensitive_attributes": [],
          "private": "bnVsbA==",
          "dependencies": [
            "module.aws_tf_cicd_pipeline.aws_codebuild_project.tf_apply",
            "module.aws_tf_cicd_pipeline.aws_codebuild_project.tf_plan",
            "module.aws_tf_cicd_pipeline.aws_s3_bucket._",
            "module.aws_tf_cicd_pipeline.module.aws_iam.aws_iam_role._",
            "module.aws_tf_cicd_pipeline.module.aws_iam.data.template_file.assumerole",
            "module.aws_tf_cicd_pipeline.module.aws_iam_codebuild.aws_iam_role._",
            "module.aws_tf_cicd_pipeline.module.aws_iam_codebuild.data.template_file.assumerole"
          ]
        }
      ]
    },
    {
      "module": "module.aws_tf_cicd_pipeline",
      "mode": "managed",
      "type": "aws_s3_bucket",
      "name": "_",
      "provider": "provider[\"registry.terraform.io/hashicorp/aws\"]",
      "instances": [
        {
          "schema_version": 0,
          "attributes": {
            "acceleration_status": "",
            "acl": "private",
            "arn": "arn:aws:s3:::prod-todo-a2-artifact-bucket-tf-cicd",
            "bucket": "prod-todo-a2-artifact-bucket-tf-cicd",
            "bucket_domain_name": "prod-todo-a2-artifact-bucket-tf-cicd.s3.amazonaws.com",
            "bucket_prefix": null,
            "bucket_regional_domain_name": "prod-todo-a2-artifact-bucket-tf-cicd.s3.ap-southeast-1.amazonaws.com",
            "cors_rule": [],
            "force_destroy": true,
            "grant": [],
            "hosted_zone_id": "Z3O0J2DXBE1FTB",
            "id": "prod-todo-a2-artifact-bucket-tf-cicd",
            "lifecycle_rule": [],
            "logging": [],
            "object_lock_configuration": [],
            "object_lock_enabled": false,
            "policy": null,
            "region": "ap-southeast-1",
            "replication_configuration": [],
            "request_payer": "BucketOwner",
            "server_side_encryption_configuration": [],
            "tags": {},
            "tags_all": {},
            "versioning": [
              {
                "enabled": false,
                "mfa_delete": false
              }
            ],
            "website": [],
            "website_domain": null,
            "website_endpoint": null
          },
          "sensitive_attributes": [],
          "private": "bnVsbA=="
        }
      ]
    },
    {
      "module": "module.aws_tf_cicd_pipeline",
      "mode": "managed",
      "type": "aws_s3_bucket_acl",
      "name": "_",
      "provider": "provider[\"registry.terraform.io/hashicorp/aws\"]",
      "instances": [
        {
          "schema_version": 0,
          "attributes": {
            "access_control_policy": [
              {
                "grant": [
                  {
                    "grantee": [
                      {
                        "display_name": "ducdd.solution",
                        "email_address": "",
                        "id": "d51e2f4dedd84438eebcb8012e9516d1e73a9f1b587dfd3a38d722a59c3ca06b",
                        "type": "CanonicalUser",
                        "uri": ""
                      }
                    ],
                    "permission": "FULL_CONTROL"
                  }
                ],
                "owner": [
                  {
                    "display_name": "ducdd.solution",
                    "id": "d51e2f4dedd84438eebcb8012e9516d1e73a9f1b587dfd3a38d722a59c3ca06b"
                  }
                ]
              }
            ],
            "acl": "private",
            "bucket": "prod-todo-a2-artifact-bucket-tf-cicd",
            "expected_bucket_owner": "",
            "id": "prod-todo-a2-artifact-bucket-tf-cicd,private"
          },
          "sensitive_attributes": [],
          "private": "bnVsbA==",
          "dependencies": [
            "module.aws_tf_cicd_pipeline.aws_s3_bucket._"
          ]
        }
      ]
    },
    {
      "module": "module.aws_tf_cicd_pipeline.module.aws_iam",
      "mode": "data",
      "type": "template_file",
      "name": "_",
      "provider": "provider[\"registry.terraform.io/hashicorp/template\"]",
      "instances": [
        {
          "index_key": 0,
          "schema_version": 0,
          "attributes": {
            "filename": null,
            "id": "a633bfce92004c566f959fe5491464ceac0e6c41667ee8349f95a964899600f4",
            "rendered": "{\r\n  \"Version\": \"2012-10-17\",\r\n  \"Statement\": [\r\n    {\r\n      \"Effect\": \"Allow\",\r\n      \"Action\": [\"codestar-connections:UseConnection\"],\r\n      \"Resource\": [\"*\"]\r\n    },\r\n    {\r\n      \"Action\": [\r\n        \"logs:*\",\r\n        \"s3:*\",\r\n        \"codebuild:*\",\r\n        \"secretsmanager:*\",\r\n        \"iam:*\",\r\n        \"sqs:*\",\r\n        \"dynamodb:*\",\r\n        \"apigateway:*\",\r\n        \"lambda:*\",\r\n        \"codepipeline:*\",\r\n        \"ssm:*\",\r\n        \"cloudformation:*\"\r\n      ],\r\n      \"Resource\": [\"*\"],\r\n      \"Effect\": \"Allow\"\r\n    }\r\n  ]\r\n}\r\n",
            "template": "{\r\n  \"Version\": \"2012-10-17\",\r\n  \"Statement\": [\r\n    {\r\n      \"Effect\": \"Allow\",\r\n      \"Action\": [\"codestar-connections:UseConnection\"],\r\n      \"Resource\": [\"*\"]\r\n    },\r\n    {\r\n      \"Action\": [\r\n        \"logs:*\",\r\n        \"s3:*\",\r\n        \"codebuild:*\",\r\n        \"secretsmanager:*\",\r\n        \"iam:*\",\r\n        \"sqs:*\",\r\n        \"dynamodb:*\",\r\n        \"apigateway:*\",\r\n        \"lambda:*\",\r\n        \"codepipeline:*\",\r\n        \"ssm:*\",\r\n        \"cloudformation:*\"\r\n      ],\r\n      \"Resource\": [\"*\"],\r\n      \"Effect\": \"Allow\"\r\n    }\r\n  ]\r\n}\r\n",
            "vars": null
          },
          "sensitive_attributes": []
        }
      ]
    },
    {
      "module": "module.aws_tf_cicd_pipeline.module.aws_iam",
      "mode": "data",
      "type": "template_file",
      "name": "assumerole",
      "provider": "provider[\"registry.terraform.io/hashicorp/template\"]",
      "instances": [
        {
          "index_key": 0,
          "schema_version": 0,
          "attributes": {
            "filename": null,
            "id": "1bbc47305511ee84cc93ac887400537d684a48facce2b83fb8b0d50e309da840",
            "rendered": "{\r\n  \"Version\": \"2012-10-17\",\r\n  \"Statement\": [\r\n    {\r\n      \"Action\": \"sts:AssumeRole\",\r\n      \"Principal\": {\r\n        \"Service\": \"codepipeline.amazonaws.com\"\r\n      },\r\n      \"Effect\": \"Allow\",\r\n      \"Sid\": \"\"\r\n    }\r\n  ]\r\n}\r\n",
            "template": "{\r\n  \"Version\": \"2012-10-17\",\r\n  \"Statement\": [\r\n    {\r\n      \"Action\": \"sts:AssumeRole\",\r\n      \"Principal\": {\r\n        \"Service\": \"codepipeline.amazonaws.com\"\r\n      },\r\n      \"Effect\": \"Allow\",\r\n      \"Sid\": \"\"\r\n    }\r\n  ]\r\n}\r\n",
            "vars": null
          },
          "sensitive_attributes": []
        }
      ]
    },
    {
      "module": "module.aws_tf_cicd_pipeline.module.aws_iam",
      "mode": "managed",
      "type": "aws_iam_policy",
      "name": "_",
      "provider": "provider[\"registry.terraform.io/hashicorp/aws\"]",
      "instances": [
        {
          "index_key": 0,
          "schema_version": 0,
          "attributes": {
            "arn": "arn:aws:iam::983670951732:policy/prod-todo-a2-prod-todo-a2-tf-cicd-pipeline-policy",
            "description": "",
            "id": "arn:aws:iam::983670951732:policy/prod-todo-a2-prod-todo-a2-tf-cicd-pipeline-policy",
            "name": "prod-todo-a2-prod-todo-a2-tf-cicd-pipeline-policy",
            "name_prefix": null,
            "path": "/",
            "policy": "{\"Statement\":[{\"Action\":[\"codestar-connections:UseConnection\"],\"Effect\":\"Allow\",\"Resource\":[\"*\"]},{\"Action\":[\"logs:*\",\"s3:*\",\"codebuild:*\",\"secretsmanager:*\",\"iam:*\",\"sqs:*\",\"dynamodb:*\",\"apigateway:*\",\"lambda:*\",\"codepipeline:*\",\"ssm:*\",\"cloudformation:*\"],\"Effect\":\"Allow\",\"Resource\":[\"*\"]}],\"Version\":\"2012-10-17\"}",
            "policy_id": "ANPA6KB23R42GCEXCOKKR",
            "tags": {
              "Environment": "prod",
              "Name": "todo-a2"
            },
            "tags_all": {
              "Environment": "prod",
              "Name": "todo-a2"
            }
          },
          "sensitive_attributes": [],
          "private": "bnVsbA==",
          "dependencies": [
            "module.aws_tf_cicd_pipeline.module.aws_iam.data.template_file._"
          ]
        }
      ]
    },
    {
      "module": "module.aws_tf_cicd_pipeline.module.aws_iam",
      "mode": "managed",
      "type": "aws_iam_policy_attachment",
      "name": "_",
      "provider": "provider[\"registry.terraform.io/hashicorp/aws\"]",
      "instances": [
        {
          "index_key": 0,
          "schema_version": 0,
          "attributes": {
            "groups": [],
            "id": "prod-todo-a2-attachment",
            "name": "prod-todo-a2-attachment",
            "policy_arn": "arn:aws:iam::983670951732:policy/prod-todo-a2-prod-todo-a2-tf-cicd-pipeline-policy",
            "roles": [
              "prod-todo-a2-prod-todo-a2-tf-cicd-pipeline-role"
            ],
            "users": []
          },
          "sensitive_attributes": [],
          "private": "bnVsbA==",
          "dependencies": [
            "module.aws_tf_cicd_pipeline.module.aws_iam.aws_iam_policy._",
            "module.aws_tf_cicd_pipeline.module.aws_iam.aws_iam_role._",
            "module.aws_tf_cicd_pipeline.module.aws_iam.data.template_file._",
            "module.aws_tf_cicd_pipeline.module.aws_iam.data.template_file.assumerole"
          ]
        }
      ]
    },
    {
      "module": "module.aws_tf_cicd_pipeline.module.aws_iam",
      "mode": "managed",
      "type": "aws_iam_role",
      "name": "_",
      "provider": "provider[\"registry.terraform.io/hashicorp/aws\"]",
      "instances": [
        {
          "index_key": 0,
          "schema_version": 0,
          "attributes": {
            "arn": "arn:aws:iam::983670951732:role/prod-todo-a2-prod-todo-a2-tf-cicd-pipeline-role",
            "assume_role_policy": "{\"Version\":\"2012-10-17\",\"Statement\":[{\"Sid\":\"\",\"Effect\":\"Allow\",\"Principal\":{\"Service\":\"codepipeline.amazonaws.com\"},\"Action\":\"sts:AssumeRole\"}]}",
            "create_date": "2022-04-21T12:00:53Z",
            "description": "",
            "force_detach_policies": false,
            "id": "prod-todo-a2-prod-todo-a2-tf-cicd-pipeline-role",
            "inline_policy": [
              {
                "name": "",
                "policy": ""
              }
            ],
            "managed_policy_arns": [
              "arn:aws:iam::983670951732:policy/prod-todo-a2-prod-todo-a2-tf-cicd-pipeline-policy"
            ],
            "max_session_duration": 3600,
            "name": "prod-todo-a2-prod-todo-a2-tf-cicd-pipeline-role",
            "name_prefix": "",
            "path": "/",
            "permissions_boundary": null,
            "tags": {
              "Environment": "prod",
              "Name": "todo-a2"
            },
            "tags_all": {
              "Environment": "prod",
              "Name": "todo-a2"
            },
            "unique_id": "AROA6KB23R42B6Z7WDWBZ"
          },
          "sensitive_attributes": [],
          "private": "bnVsbA==",
          "dependencies": [
            "module.aws_tf_cicd_pipeline.module.aws_iam.data.template_file.assumerole"
          ]
        }
      ]
    },
    {
      "module": "module.aws_tf_cicd_pipeline.module.aws_iam_codebuild",
      "mode": "data",
      "type": "template_file",
      "name": "_",
      "provider": "provider[\"registry.terraform.io/hashicorp/template\"]",
      "instances": [
        {
          "index_key": 0,
          "schema_version": 0,
          "attributes": {
            "filename": null,
            "id": "a633bfce92004c566f959fe5491464ceac0e6c41667ee8349f95a964899600f4",
            "rendered": "{\r\n  \"Version\": \"2012-10-17\",\r\n  \"Statement\": [\r\n    {\r\n      \"Effect\": \"Allow\",\r\n      \"Action\": [\"codestar-connections:UseConnection\"],\r\n      \"Resource\": [\"*\"]\r\n    },\r\n    {\r\n      \"Action\": [\r\n        \"logs:*\",\r\n        \"s3:*\",\r\n        \"codebuild:*\",\r\n        \"secretsmanager:*\",\r\n        \"iam:*\",\r\n        \"sqs:*\",\r\n        \"dynamodb:*\",\r\n        \"apigateway:*\",\r\n        \"lambda:*\",\r\n        \"codepipeline:*\",\r\n        \"ssm:*\",\r\n        \"cloudformation:*\"\r\n      ],\r\n      \"Resource\": [\"*\"],\r\n      \"Effect\": \"Allow\"\r\n    }\r\n  ]\r\n}\r\n",
            "template": "{\r\n  \"Version\": \"2012-10-17\",\r\n  \"Statement\": [\r\n    {\r\n      \"Effect\": \"Allow\",\r\n      \"Action\": [\"codestar-connections:UseConnection\"],\r\n      \"Resource\": [\"*\"]\r\n    },\r\n    {\r\n      \"Action\": [\r\n        \"logs:*\",\r\n        \"s3:*\",\r\n        \"codebuild:*\",\r\n        \"secretsmanager:*\",\r\n        \"iam:*\",\r\n        \"sqs:*\",\r\n        \"dynamodb:*\",\r\n        \"apigateway:*\",\r\n        \"lambda:*\",\r\n        \"codepipeline:*\",\r\n        \"ssm:*\",\r\n        \"cloudformation:*\"\r\n      ],\r\n      \"Resource\": [\"*\"],\r\n      \"Effect\": \"Allow\"\r\n    }\r\n  ]\r\n}\r\n",
            "vars": null
          },
          "sensitive_attributes": []
        }
      ]
    },
    {
      "module": "module.aws_tf_cicd_pipeline.module.aws_iam_codebuild",
      "mode": "data",
      "type": "template_file",
      "name": "assumerole",
      "provider": "provider[\"registry.terraform.io/hashicorp/template\"]",
      "instances": [
        {
          "index_key": 0,
          "schema_version": 0,
          "attributes": {
            "filename": null,
            "id": "da4d57f781fd291546759889d401b21a8027f567bb5eb205ace3f941d0316c7e",
            "rendered": "{\r\n  \"Version\": \"2012-10-17\",\r\n  \"Statement\": [\r\n    {\r\n      \"Action\": \"sts:AssumeRole\",\r\n      \"Principal\": {\r\n        \"Service\": \"codebuild.amazonaws.com\"\r\n      },\r\n      \"Effect\": \"Allow\",\r\n      \"Sid\": \"\"\r\n    }\r\n  ]\r\n}\r\n",
            "template": "{\r\n  \"Version\": \"2012-10-17\",\r\n  \"Statement\": [\r\n    {\r\n      \"Action\": \"sts:AssumeRole\",\r\n      \"Principal\": {\r\n        \"Service\": \"codebuild.amazonaws.com\"\r\n      },\r\n      \"Effect\": \"Allow\",\r\n      \"Sid\": \"\"\r\n    }\r\n  ]\r\n}\r\n",
            "vars": null
          },
          "sensitive_attributes": []
        }
      ]
    },
    {
      "module": "module.aws_tf_cicd_pipeline.module.aws_iam_codebuild",
      "mode": "managed",
      "type": "aws_iam_policy",
      "name": "_",
      "provider": "provider[\"registry.terraform.io/hashicorp/aws\"]",
      "instances": [
        {
          "index_key": 0,
          "schema_version": 0,
          "attributes": {
            "arn": "arn:aws:iam::983670951732:policy/prod-todo-a2-prod-todo-a2-tf-cicd-codebuild-policy",
            "description": "",
            "id": "arn:aws:iam::983670951732:policy/prod-todo-a2-prod-todo-a2-tf-cicd-codebuild-policy",
            "name": "prod-todo-a2-prod-todo-a2-tf-cicd-codebuild-policy",
            "name_prefix": null,
            "path": "/",
            "policy": "{\"Statement\":[{\"Action\":[\"codestar-connections:UseConnection\"],\"Effect\":\"Allow\",\"Resource\":[\"*\"]},{\"Action\":[\"logs:*\",\"s3:*\",\"codebuild:*\",\"secretsmanager:*\",\"iam:*\",\"sqs:*\",\"dynamodb:*\",\"apigateway:*\",\"lambda:*\",\"codepipeline:*\",\"ssm:*\",\"cloudformation:*\"],\"Effect\":\"Allow\",\"Resource\":[\"*\"]}],\"Version\":\"2012-10-17\"}",
            "policy_id": "ANPA6KB23R42JYJNYXSMP",
            "tags": {
              "Environment": "prod",
              "Name": "todo-a2"
            },
            "tags_all": {
              "Environment": "prod",
              "Name": "todo-a2"
            }
          },
          "sensitive_attributes": [],
          "private": "bnVsbA==",
          "dependencies": [
            "module.aws_tf_cicd_pipeline.module.aws_iam_codebuild.data.template_file._"
          ]
        }
      ]
    },
    {
      "module": "module.aws_tf_cicd_pipeline.module.aws_iam_codebuild",
      "mode": "managed",
      "type": "aws_iam_policy_attachment",
      "name": "_",
      "provider": "provider[\"registry.terraform.io/hashicorp/aws\"]",
      "instances": [
        {
          "index_key": 0,
          "schema_version": 0,
          "attributes": {
            "groups": [],
            "id": "prod-todo-a2-attachment",
            "name": "prod-todo-a2-attachment",
            "policy_arn": "arn:aws:iam::983670951732:policy/prod-todo-a2-prod-todo-a2-tf-cicd-codebuild-policy",
            "roles": [
              "prod-todo-a2-prod-todo-a2-tf-cicd-codebuild-role"
            ],
            "users": []
          },
          "sensitive_attributes": [],
          "private": "bnVsbA==",
          "dependencies": [
            "module.aws_tf_cicd_pipeline.module.aws_iam_codebuild.aws_iam_policy._",
            "module.aws_tf_cicd_pipeline.module.aws_iam_codebuild.aws_iam_role._",
            "module.aws_tf_cicd_pipeline.module.aws_iam_codebuild.data.template_file._",
            "module.aws_tf_cicd_pipeline.module.aws_iam_codebuild.data.template_file.assumerole"
          ]
        }
      ]
    },
    {
      "module": "module.aws_tf_cicd_pipeline.module.aws_iam_codebuild",
      "mode": "managed",
      "type": "aws_iam_role",
      "name": "_",
      "provider": "provider[\"registry.terraform.io/hashicorp/aws\"]",
      "instances": [
        {
          "index_key": 0,
          "schema_version": 0,
          "attributes": {
            "arn": "arn:aws:iam::983670951732:role/prod-todo-a2-prod-todo-a2-tf-cicd-codebuild-role",
            "assume_role_policy": "{\"Version\":\"2012-10-17\",\"Statement\":[{\"Sid\":\"\",\"Effect\":\"Allow\",\"Principal\":{\"Service\":\"codebuild.amazonaws.com\"},\"Action\":\"sts:AssumeRole\"}]}",
            "create_date": "2022-04-21T12:00:48Z",
            "description": "",
            "force_detach_policies": false,
            "id": "prod-todo-a2-prod-todo-a2-tf-cicd-codebuild-role",
            "inline_policy": [
              {
                "name": "",
                "policy": ""
              }
            ],
            "managed_policy_arns": [
              "arn:aws:iam::983670951732:policy/prod-todo-a2-prod-todo-a2-tf-cicd-codebuild-policy"
            ],
            "max_session_duration": 3600,
            "name": "prod-todo-a2-prod-todo-a2-tf-cicd-codebuild-role",
            "name_prefix": "",
            "path": "/",
            "permissions_boundary": null,
            "tags": {
              "Environment": "prod",
              "Name": "todo-a2"
            },
            "tags_all": {
              "Environment": "prod",
              "Name": "todo-a2"
            },
            "unique_id": "AROA6KB23R42KZTRSJBLX"
          },
          "sensitive_attributes": [],
          "private": "bnVsbA==",
          "dependencies": [
            "module.aws_tf_cicd_pipeline.module.aws_iam_codebuild.data.template_file.assumerole"
          ]
        }
      ]
    },
    {
      "module": "module.backend_remote_state",
      "mode": "data",
      "type": "aws_iam_policy_document",
      "name": "terraform_remote_lock_policy",
      "provider": "provider[\"registry.terraform.io/hashicorp/aws\"]",
      "instances": [
        {
          "schema_version": 0,
          "attributes": {
            "id": "2261972304",
            "json": "{\n  \"Version\": \"2012-10-17\",\n  \"Statement\": [\n    {\n      \"Sid\": \"\",\n      \"Effect\": \"Allow\",\n      \"Action\": \"dynamodb:*\",\n      \"Resource\": \"arn:aws:dynamodb:ap-southeast-1:983670951732:table/prod-todo-a2-tf-state-table\"\n    }\n  ]\n}",
            "override_json": null,
            "override_policy_documents": null,
            "policy_id": null,
            "source_json": null,
            "source_policy_documents": null,
            "statement": [
              {
                "actions": [
                  "dynamodb:*"
                ],
                "condition": [],
                "effect": "Allow",
                "not_actions": [],
                "not_principals": [],
                "not_resources": [],
                "principals": [],
                "resources": [
                  "arn:aws:dynamodb:ap-southeast-1:983670951732:table/prod-todo-a2-tf-state-table"
                ],
                "sid": ""
              }
            ],
            "version": "2012-10-17"
          },
          "sensitive_attributes": []
        }
      ]
    },
    {
      "module": "module.backend_remote_state",
      "mode": "data",
      "type": "aws_iam_policy_document",
      "name": "terraform_remote_state_policy",
      "provider": "provider[\"registry.terraform.io/hashicorp/aws\"]",
      "instances": [
        {
          "schema_version": 0,
          "attributes": {
            "id": "4161852963",
            "json": "{\n  \"Version\": \"2012-10-17\",\n  \"Statement\": [\n    {\n      \"Sid\": \"\",\n      \"Effect\": \"Allow\",\n      \"Action\": \"s3:*\",\n      \"Resource\": \"arn:aws:s3:::prod-todo-a2-tf-state-bucket/*\",\n      \"Principal\": {\n        \"AWS\": \"arn:aws:iam::983670951732:user/dddsrvadm\"\n      }\n    }\n  ]\n}",
            "override_json": null,
            "override_policy_documents": null,
            "policy_id": null,
            "source_json": null,
            "source_policy_documents": null,
            "statement": [
              {
                "actions": [
                  "s3:*"
                ],
                "condition": [],
                "effect": "Allow",
                "not_actions": [],
                "not_principals": [],
                "not_resources": [],
                "principals": [
                  {
                    "identifiers": [
                      "arn:aws:iam::983670951732:user/dddsrvadm"
                    ],
                    "type": "AWS"
                  }
                ],
                "resources": [
                  "arn:aws:s3:::prod-todo-a2-tf-state-bucket/*"
                ],
                "sid": ""
              }
            ],
            "version": "2012-10-17"
          },
          "sensitive_attributes": []
        }
      ]
    },
    {
      "module": "module.backend_remote_state",
      "mode": "data",
      "type": "aws_iam_user",
      "name": "terraform",
      "provider": "provider[\"registry.terraform.io/hashicorp/aws\"]",
      "instances": [
        {
          "schema_version": 0,
          "attributes": {
            "arn": "arn:aws:iam::983670951732:user/dddsrvadm",
            "id": "AIDA6KB23R42C6ZUTFF5O",
            "path": "/",
            "permissions_boundary": "arn:aws:iam::aws:policy/AdministratorAccess",
            "tags": {},
            "user_id": "AIDA6KB23R42C6ZUTFF5O",
            "user_name": "dddsrvadm"
          },
          "sensitive_attributes": []
        }
      ]
    },
    {
      "module": "module.backend_remote_state",
      "mode": "managed",
      "type": "aws_dynamodb_table",
      "name": "_",
      "provider": "provider[\"registry.terraform.io/hashicorp/aws\"]",
      "instances": [
        {
          "schema_version": 1,
          "attributes": {
            "arn": "arn:aws:dynamodb:ap-southeast-1:983670951732:table/prod-todo-a2-tf-state-table",
            "attribute": [
              {
                "name": "LockID",
                "type": "S"
              }
            ],
            "billing_mode": "PROVISIONED",
            "global_secondary_index": [],
            "hash_key": "LockID",
            "id": "prod-todo-a2-tf-state-table",
            "local_secondary_index": [],
            "name": "prod-todo-a2-tf-state-table",
            "point_in_time_recovery": [
              {
                "enabled": false
              }
            ],
            "range_key": null,
            "read_capacity": 20,
            "replica": [],
            "restore_date_time": null,
            "restore_source_name": null,
            "restore_to_latest_time": null,
            "server_side_encryption": [],
            "stream_arn": "",
            "stream_enabled": false,
            "stream_label": "",
            "stream_view_type": "",
            "table_class": "",
            "tags": null,
            "tags_all": {},
            "timeouts": null,
            "ttl": [
              {
                "attribute_name": "",
                "enabled": false
              }
            ],
            "write_capacity": 20
          },
          "sensitive_attributes": [],
          "private": "eyJlMmJmYjczMC1lY2FhLTExZTYtOGY4OC0zNDM2M2JjN2M0YzAiOnsiY3JlYXRlIjoxODAwMDAwMDAwMDAwLCJkZWxldGUiOjYwMDAwMDAwMDAwMCwidXBkYXRlIjozNjAwMDAwMDAwMDAwfSwic2NoZW1hX3ZlcnNpb24iOiIxIn0="
        }
      ]
    },
    {
      "module": "module.backend_remote_state",
      "mode": "managed",
      "type": "aws_iam_user_policy",
      "name": "terraform_user_db_table_policy",
      "provider": "provider[\"registry.terraform.io/hashicorp/aws\"]",
      "instances": [
        {
          "schema_version": 0,
          "attributes": {
            "id": "dddsrvadm:prod-todo-a2-tf-dynamo-policy",
            "name": "prod-todo-a2-tf-dynamo-policy",
            "name_prefix": null,
            "policy": "{\n  \"Version\": \"2012-10-17\",\n  \"Statement\": [\n    {\n      \"Sid\": \"\",\n      \"Effect\": \"Allow\",\n      \"Action\": \"dynamodb:*\",\n      \"Resource\": \"arn:aws:dynamodb:ap-southeast-1:983670951732:table/prod-todo-a2-tf-state-table\"\n    }\n  ]\n}",
            "user": "dddsrvadm"
          },
          "sensitive_attributes": [],
          "private": "bnVsbA==",
          "dependencies": [
            "module.backend_remote_state.aws_dynamodb_table._",
            "module.backend_remote_state.data.aws_iam_policy_document.terraform_remote_lock_policy",
            "module.backend_remote_state.data.aws_iam_user.terraform"
          ]
        }
      ]
    },
    {
      "module": "module.backend_remote_state",
      "mode": "managed",
      "type": "aws_s3_bucket",
      "name": "_",
      "provider": "provider[\"registry.terraform.io/hashicorp/aws\"]",
      "instances": [
        {
          "schema_version": 0,
          "attributes": {
            "acceleration_status": "",
            "acl": "private",
            "arn": "arn:aws:s3:::prod-todo-a2-tf-state-bucket",
            "bucket": "prod-todo-a2-tf-state-bucket",
            "bucket_domain_name": "prod-todo-a2-tf-state-bucket.s3.amazonaws.com",
            "bucket_prefix": null,
            "bucket_regional_domain_name": "prod-todo-a2-tf-state-bucket.s3.ap-southeast-1.amazonaws.com",
            "cors_rule": [],
            "force_destroy": false,
            "grant": [],
            "hosted_zone_id": "Z3O0J2DXBE1FTB",
            "id": "prod-todo-a2-tf-state-bucket",
            "lifecycle_rule": [],
            "logging": [],
            "object_lock_configuration": [],
            "object_lock_enabled": false,
            "policy": null,
            "region": "ap-southeast-1",
            "replication_configuration": [],
            "request_payer": "BucketOwner",
            "server_side_encryption_configuration": [],
            "tags": {},
            "tags_all": {},
            "versioning": [
              {
                "enabled": true,
                "mfa_delete": false
              }
            ],
            "website": [],
            "website_domain": null,
            "website_endpoint": null
          },
          "sensitive_attributes": [],
          "private": "bnVsbA=="
        }
      ]
    },
    {
      "module": "module.backend_remote_state",
      "mode": "managed",
      "type": "aws_s3_bucket_acl",
      "name": "example",
      "provider": "provider[\"registry.terraform.io/hashicorp/aws\"]",
      "instances": [
        {
          "schema_version": 0,
          "attributes": {
            "access_control_policy": [
              {
                "grant": [
                  {
                    "grantee": [
                      {
                        "display_name": "ducdd.solution",
                        "email_address": "",
                        "id": "d51e2f4dedd84438eebcb8012e9516d1e73a9f1b587dfd3a38d722a59c3ca06b",
                        "type": "CanonicalUser",
                        "uri": ""
                      }
                    ],
                    "permission": "FULL_CONTROL"
                  }
                ],
                "owner": [
                  {
                    "display_name": "ducdd.solution",
                    "id": "d51e2f4dedd84438eebcb8012e9516d1e73a9f1b587dfd3a38d722a59c3ca06b"
                  }
                ]
              }
            ],
            "acl": "private",
            "bucket": "prod-todo-a2-tf-state-bucket",
            "expected_bucket_owner": "",
            "id": "prod-todo-a2-tf-state-bucket,private"
          },
          "sensitive_attributes": [],
          "private": "bnVsbA==",
          "dependencies": [
            "module.backend_remote_state.aws_s3_bucket._"
          ]
        }
      ]
    },
    {
      "module": "module.backend_remote_state",
      "mode": "managed",
      "type": "aws_s3_bucket_policy",
      "name": "_",
      "provider": "provider[\"registry.terraform.io/hashicorp/aws\"]",
      "instances": [
        {
          "schema_version": 0,
          "attributes": {
            "bucket": "prod-todo-a2-tf-state-bucket",
            "id": "prod-todo-a2-tf-state-bucket",
            "policy": "{\"Statement\":[{\"Action\":\"s3:*\",\"Effect\":\"Allow\",\"Principal\":{\"AWS\":\"arn:aws:iam::983670951732:user/dddsrvadm\"},\"Resource\":\"arn:aws:s3:::prod-todo-a2-tf-state-bucket/*\",\"Sid\":\"\"}],\"Version\":\"2012-10-17\"}"
          },
          "sensitive_attributes": [],
          "private": "bnVsbA==",
          "dependencies": [
            "module.backend_remote_state.aws_s3_bucket._",
            "module.backend_remote_state.data.aws_iam_policy_document.terraform_remote_state_policy",
            "module.backend_remote_state.data.aws_iam_user.terraform"
          ]
        }
      ]
    },
    {
      "module": "module.backend_remote_state",
      "mode": "managed",
      "type": "aws_s3_bucket_public_access_block",
      "name": "s3-tfremotestate",
      "provider": "provider[\"registry.terraform.io/hashicorp/aws\"]",
      "instances": [
        {
          "schema_version": 0,
          "attributes": {
            "block_public_acls": true,
            "block_public_policy": true,
            "bucket": "prod-todo-a2-tf-state-bucket",
            "id": "prod-todo-a2-tf-state-bucket",
            "ignore_public_acls": true,
            "restrict_public_buckets": true
          },
          "sensitive_attributes": [],
          "private": "bnVsbA==",
          "dependencies": [
            "module.backend_remote_state.aws_s3_bucket._"
          ]
        }
      ]
    },
    {
      "module": "module.backend_remote_state",
      "mode": "managed",
      "type": "aws_s3_bucket_server_side_encryption_configuration",
      "name": "_",
      "provider": "provider[\"registry.terraform.io/hashicorp/aws\"]",
      "instances": [
        {
          "schema_version": 0,
          "attributes": {
            "bucket": "prod-todo-a2-tf-state-bucket",
            "expected_bucket_owner": "",
            "id": "prod-todo-a2-tf-state-bucket",
            "rule": [
              {
                "apply_server_side_encryption_by_default": [
                  {
                    "kms_master_key_id": "",
                    "sse_algorithm": "AES256"
                  }
                ],
                "bucket_key_enabled": false
              }
            ]
          },
          "sensitive_attributes": [],
          "private": "bnVsbA==",
          "dependencies": [
            "module.backend_remote_state.aws_s3_bucket._"
          ]
        }
      ]
    },
    {
      "module": "module.backend_remote_state",
      "mode": "managed",
      "type": "aws_s3_bucket_versioning",
      "name": "_",
      "provider": "provider[\"registry.terraform.io/hashicorp/aws\"]",
      "instances": [
        {
          "schema_version": 0,
          "attributes": {
            "bucket": "prod-todo-a2-tf-state-bucket",
            "expected_bucket_owner": "",
            "id": "prod-todo-a2-tf-state-bucket",
            "mfa": null,
            "versioning_configuration": [
              {
                "mfa_delete": "",
                "status": "Enabled"
              }
            ]
          },
          "sensitive_attributes": [],
          "private": "bnVsbA==",
          "dependencies": [
            "module.backend_remote_state.aws_s3_bucket._"
          ]
        }
      ]
    }
  ]
}
